<?xml version="1.0" encoding="utf-8"?>
<Project ToolsVersion="17.0" xmlns="http://schemas.microsoft.com/developer/msbuild/2003">
  <ItemGroup>
    <ClCompile Include="C:\Users\vimor\OTIS-2025\trunk\ii02803\task_02\src\functions.cpp">
      <Filter>Source Files</Filter>
    </ClCompile>
    <ClCompile Include="C:\Users\vimor\OTIS-2025\trunk\ii02803\task_02\test\test.cpp">
      <Filter>Source Files</Filter>
    </ClCompile>
  </ItemGroup>
  <ItemGroup>
    <CustomBuild Include="C:\Users\vimor\OTIS-2025\trunk\ii02803\task_02\src\CMakeLists.txt" />
  </ItemGroup>
  <ItemGroup>
    <Filter Include="Source Files">
      <UniqueIdentifier>{B56FC78A-45BC-3FC8-B017-0DEB5341D87A}</UniqueIdentifier>
    </Filter>
  </ItemGroup>
</Project>
