<?xml version="1.0" encoding="utf-8"?>
<Project ToolsVersion="17.0" xmlns="http://schemas.microsoft.com/developer/msbuild/2003">
  <ItemGroup>
    <ClCompile Include="C:\Users\MSI\Documents\OTIS-2025\trunk\ii02807\task_03\src\lab3.cpp">
      <Filter>Source Files</Filter>
    </ClCompile>
    <ClCompile Include="C:\Users\MSI\Documents\OTIS-2025\trunk\ii02807\task_03\src\pid.cpp">
      <Filter>Source Files</Filter>
    </ClCompile>
    <ClCompile Include="C:\Users\MSI\Documents\OTIS-2025\trunk\ii02807\task_03\src\model.cpp">
      <Filter>Source Files</Filter>
    </ClCompile>
  </ItemGroup>
  <ItemGroup>
    <CustomBuild Include="C:\Users\MSI\Documents\OTIS-2025\trunk\ii02807\task_03\src\CMakeLists.txt" />
  </ItemGroup>
  <ItemGroup>
    <Filter Include="Source Files">
      <UniqueIdentifier>{13A26352-BC22-3C4B-8F7F-1B4D37FC678B}</UniqueIdentifier>
    </Filter>
  </ItemGroup>
</Project>
